// !$*UTF8*$!
{
	archiveVersion = 1;
	classes = {
	};
	objectVersion = 46;
	objects = {

/* Begin PBXBuildFile section */
		351C2A9D17E73F4B00C92620 /* ASTMissile.m in Sources */ = {isa = PBXBuildFile; fileRef = 351C2A9C17E73F4B00C92620 /* ASTMissile.m */; };
		3550908817E6F48200FC6BA7 /* missile.png in Resources */ = {isa = PBXBuildFile; fileRef = 3550908717E6F48200FC6BA7 /* missile.png */; };
		35781D6417E1ECE000FBD5FC /* Foundation.framework in Frameworks */ = {isa = PBXBuildFile; fileRef = 35781D6317E1ECE000FBD5FC /* Foundation.framework */; };
		35781D6617E1ECE000FBD5FC /* CoreGraphics.framework in Frameworks */ = {isa = PBXBuildFile; fileRef = 35781D6517E1ECE000FBD5FC /* CoreGraphics.framework */; };
		35781D6817E1ECE000FBD5FC /* UIKit.framework in Frameworks */ = {isa = PBXBuildFile; fileRef = 35781D6717E1ECE000FBD5FC /* UIKit.framework */; };
		35781D6A17E1ECE000FBD5FC /* SpriteKit.framework in Frameworks */ = {isa = PBXBuildFile; fileRef = 35781D6917E1ECE000FBD5FC /* SpriteKit.framework */; };
		35781D7017E1ECE000FBD5FC /* InfoPlist.strings in Resources */ = {isa = PBXBuildFile; fileRef = 35781D6E17E1ECE000FBD5FC /* InfoPlist.strings */; };
		35781D7217E1ECE000FBD5FC /* main.m in Sources */ = {isa = PBXBuildFile; fileRef = 35781D7117E1ECE000FBD5FC /* main.m */; };
		35781D7617E1ECE000FBD5FC /* ASTAppDelegate.m in Sources */ = {isa = PBXBuildFile; fileRef = 35781D7517E1ECE000FBD5FC /* ASTAppDelegate.m */; };
		35781D7917E1ECE000FBD5FC /* Main_iPhone.storyboard in Resources */ = {isa = PBXBuildFile; fileRef = 35781D7717E1ECE000FBD5FC /* Main_iPhone.storyboard */; };
		35781D7C17E1ECE000FBD5FC /* Main_iPad.storyboard in Resources */ = {isa = PBXBuildFile; fileRef = 35781D7A17E1ECE000FBD5FC /* Main_iPad.storyboard */; };
		35781D7F17E1ECE000FBD5FC /* ASTViewController.m in Sources */ = {isa = PBXBuildFile; fileRef = 35781D7E17E1ECE000FBD5FC /* ASTViewController.m */; };
		35781D8617E1ECE000FBD5FC /* Images.xcassets in Resources */ = {isa = PBXBuildFile; fileRef = 35781D8517E1ECE000FBD5FC /* Images.xcassets */; };
		35781D8D17E1ECE000FBD5FC /* XCTest.framework in Frameworks */ = {isa = PBXBuildFile; fileRef = 35781D8C17E1ECE000FBD5FC /* XCTest.framework */; };
		35781D8E17E1ECE000FBD5FC /* Foundation.framework in Frameworks */ = {isa = PBXBuildFile; fileRef = 35781D6317E1ECE000FBD5FC /* Foundation.framework */; };
		35781D8F17E1ECE000FBD5FC /* UIKit.framework in Frameworks */ = {isa = PBXBuildFile; fileRef = 35781D6717E1ECE000FBD5FC /* UIKit.framework */; };
		35781D9717E1ECE000FBD5FC /* InfoPlist.strings in Resources */ = {isa = PBXBuildFile; fileRef = 35781D9517E1ECE000FBD5FC /* InfoPlist.strings */; };
		35781D9917E1ECE000FBD5FC /* StilomaticTalesTests.m in Sources */ = {isa = PBXBuildFile; fileRef = 35781D9817E1ECE000FBD5FC /* StilomaticTalesTests.m */; };
		35781DB017E1ED5E00FBD5FC /* ASTMathUtils.m in Sources */ = {isa = PBXBuildFile; fileRef = 35781DA417E1ED5E00FBD5FC /* ASTMathUtils.m */; };
		35781DB117E1ED5E00FBD5FC /* ASTGameManager.m in Sources */ = {isa = PBXBuildFile; fileRef = 35781DA617E1ED5E00FBD5FC /* ASTGameManager.m */; };
		35781DB217E1ED5E00FBD5FC /* ASTGameScene.m in Sources */ = {isa = PBXBuildFile; fileRef = 35781DA817E1ED5E00FBD5FC /* ASTGameScene.m */; };
		35781DB317E1ED5E00FBD5FC /* ASTVillan.m in Sources */ = {isa = PBXBuildFile; fileRef = 35781DAA17E1ED5E00FBD5FC /* ASTVillan.m */; };
		35781DB417E1ED5E00FBD5FC /* ASTShield.m in Sources */ = {isa = PBXBuildFile; fileRef = 35781DAC17E1ED5E00FBD5FC /* ASTShield.m */; };
		359662FB17E3219600E29384 /* ASTDisplayNode.m in Sources */ = {isa = PBXBuildFile; fileRef = 359662FA17E3219600E29384 /* ASTDisplayNode.m */; };
		60351E2117E6359F00AF382B /* bubble.png in Resources */ = {isa = PBXBuildFile; fileRef = 60351E1E17E6359F00AF382B /* bubble.png */; };
		60351E2617E635D500AF382B /* cannon.png in Resources */ = {isa = PBXBuildFile; fileRef = 60351E2517E635D500AF382B /* cannon.png */; };
		606E760E17EDA2B10015388B /* villan_0.png in Resources */ = {isa = PBXBuildFile; fileRef = 606E760D17EDA2B10015388B /* villan_0.png */; };
		606E761717EDC2D70015388B /* bck-iphone2.png in Resources */ = {isa = PBXBuildFile; fileRef = 606E761617EDC2D70015388B /* bck-iphone2.png */; };
		606E761917EDC35D0015388B /* ground.png in Resources */ = {isa = PBXBuildFile; fileRef = 606E761817EDC35D0015388B /* ground.png */; };
		606E761D17EDC4280015388B /* display.png in Resources */ = {isa = PBXBuildFile; fileRef = 606E761C17EDC4280015388B /* display.png */; };
		606E761F17EDC5610015388B /* BokeParticles.sks in Resources */ = {isa = PBXBuildFile; fileRef = 606E761E17EDC5610015388B /* BokeParticles.sks */; };
		606E762217EDC5780015388B /* SKEmitterNode+SKEmitterNode_Utils.m in Sources */ = {isa = PBXBuildFile; fileRef = 606E762117EDC5780015388B /* SKEmitterNode+SKEmitterNode_Utils.m */; };
		606E762517EDCCBC0015388B /* circleParticle.png in Resources */ = {isa = PBXBuildFile; fileRef = 606E762417EDCCBC0015388B /* circleParticle.png */; };
		606E762A17EDF52F0015388B /* villan_4.png in Resources */ = {isa = PBXBuildFile; fileRef = 606E762617EDF52F0015388B /* villan_4.png */; };
		606E762B17EDF52F0015388B /* villan_3.png in Resources */ = {isa = PBXBuildFile; fileRef = 606E762717EDF52F0015388B /* villan_3.png */; };
		606E762C17EDF52F0015388B /* villan_2.png in Resources */ = {isa = PBXBuildFile; fileRef = 606E762817EDF52F0015388B /* villan_2.png */; };
		606E762D17EDF52F0015388B /* villan_1.png in Resources */ = {isa = PBXBuildFile; fileRef = 606E762917EDF52F0015388B /* villan_1.png */; };
		60796DCE17F0BD7200F5F936 /* GameKit.framework in Frameworks */ = {isa = PBXBuildFile; fileRef = 60796DCD17F0BD7200F5F936 /* GameKit.framework */; };
		60796DD117F2083300F5F936 /* ASTGamekitManager.m in Sources */ = {isa = PBXBuildFile; fileRef = 60796DD017F2083300F5F936 /* ASTGamekitManager.m */; };
		60A0796E17E82C8F003FB1A1 /* levels.plist in Resources */ = {isa = PBXBuildFile; fileRef = 60A0796D17E82C8F003FB1A1 /* levels.plist */; };
		60D90E2617EF6974009C07D5 /* ASTHomeViewController.m in Sources */ = {isa = PBXBuildFile; fileRef = 60D90E2517EF6974009C07D5 /* ASTHomeViewController.m */; };
/* End PBXBuildFile section */

/* Begin PBXContainerItemProxy section */
		35781D9017E1ECE000FBD5FC /* PBXContainerItemProxy */ = {
			isa = PBXContainerItemProxy;
			containerPortal = 35781D5817E1ECE000FBD5FC /* Project object */;
			proxyType = 1;
			remoteGlobalIDString = 35781D5F17E1ECE000FBD5FC;
			remoteInfo = StilomaticTales;
		};
/* End PBXContainerItemProxy section */

/* Begin PBXFileReference section */
		351C2A9B17E73F4B00C92620 /* ASTMissile.h */ = {isa = PBXFileReference; fileEncoding = 4; lastKnownFileType = sourcecode.c.h; path = ASTMissile.h; sourceTree = "<group>"; };
		351C2A9C17E73F4B00C92620 /* ASTMissile.m */ = {isa = PBXFileReference; fileEncoding = 4; lastKnownFileType = sourcecode.c.objc; path = ASTMissile.m; sourceTree = "<group>"; };
		3550908717E6F48200FC6BA7 /* missile.png */ = {isa = PBXFileReference; lastKnownFileType = image.png; name = missile.png; path = Base.lproj/Assets/missile.png; sourceTree = "<group>"; };
		35781D6017E1ECE000FBD5FC /* StilomaticTales.app */ = {isa = PBXFileReference; explicitFileType = wrapper.application; includeInIndex = 0; path = StilomaticTales.app; sourceTree = BUILT_PRODUCTS_DIR; };
		35781D6317E1ECE000FBD5FC /* Foundation.framework */ = {isa = PBXFileReference; lastKnownFileType = wrapper.framework; name = Foundation.framework; path = System/Library/Frameworks/Foundation.framework; sourceTree = SDKROOT; };
		35781D6517E1ECE000FBD5FC /* CoreGraphics.framework */ = {isa = PBXFileReference; lastKnownFileType = wrapper.framework; name = CoreGraphics.framework; path = System/Library/Frameworks/CoreGraphics.framework; sourceTree = SDKROOT; };
		35781D6717E1ECE000FBD5FC /* UIKit.framework */ = {isa = PBXFileReference; lastKnownFileType = wrapper.framework; name = UIKit.framework; path = System/Library/Frameworks/UIKit.framework; sourceTree = SDKROOT; };
		35781D6917E1ECE000FBD5FC /* SpriteKit.framework */ = {isa = PBXFileReference; lastKnownFileType = wrapper.framework; name = SpriteKit.framework; path = System/Library/Frameworks/SpriteKit.framework; sourceTree = SDKROOT; };
		35781D6D17E1ECE000FBD5FC /* StilomaticTales-Info.plist */ = {isa = PBXFileReference; lastKnownFileType = text.plist.xml; path = "StilomaticTales-Info.plist"; sourceTree = "<group>"; };
		35781D6F17E1ECE000FBD5FC /* en */ = {isa = PBXFileReference; lastKnownFileType = text.plist.strings; name = en; path = en.lproj/InfoPlist.strings; sourceTree = "<group>"; };
		35781D7117E1ECE000FBD5FC /* main.m */ = {isa = PBXFileReference; lastKnownFileType = sourcecode.c.objc; path = main.m; sourceTree = "<group>"; };
		35781D7317E1ECE000FBD5FC /* StilomaticTales-Prefix.pch */ = {isa = PBXFileReference; lastKnownFileType = sourcecode.c.h; path = "StilomaticTales-Prefix.pch"; sourceTree = "<group>"; };
		35781D7417E1ECE000FBD5FC /* ASTAppDelegate.h */ = {isa = PBXFileReference; lastKnownFileType = sourcecode.c.h; path = ASTAppDelegate.h; sourceTree = "<group>"; };
		35781D7517E1ECE000FBD5FC /* ASTAppDelegate.m */ = {isa = PBXFileReference; lastKnownFileType = sourcecode.c.objc; path = ASTAppDelegate.m; sourceTree = "<group>"; };
		35781D7817E1ECE000FBD5FC /* Base */ = {isa = PBXFileReference; lastKnownFileType = file.storyboard; name = Base; path = Base.lproj/Main_iPhone.storyboard; sourceTree = "<group>"; };
		35781D7B17E1ECE000FBD5FC /* Base */ = {isa = PBXFileReference; lastKnownFileType = file.storyboard; name = Base; path = Base.lproj/Main_iPad.storyboard; sourceTree = "<group>"; };
		35781D7D17E1ECE000FBD5FC /* ASTViewController.h */ = {isa = PBXFileReference; lastKnownFileType = sourcecode.c.h; path = ASTViewController.h; sourceTree = "<group>"; };
		35781D7E17E1ECE000FBD5FC /* ASTViewController.m */ = {isa = PBXFileReference; lastKnownFileType = sourcecode.c.objc; path = ASTViewController.m; sourceTree = "<group>"; };
		35781D8517E1ECE000FBD5FC /* Images.xcassets */ = {isa = PBXFileReference; lastKnownFileType = folder.assetcatalog; path = Images.xcassets; sourceTree = "<group>"; };
		35781D8B17E1ECE000FBD5FC /* StilomaticTalesTests.xctest */ = {isa = PBXFileReference; explicitFileType = wrapper.cfbundle; includeInIndex = 0; path = StilomaticTalesTests.xctest; sourceTree = BUILT_PRODUCTS_DIR; };
		35781D8C17E1ECE000FBD5FC /* XCTest.framework */ = {isa = PBXFileReference; lastKnownFileType = wrapper.framework; name = XCTest.framework; path = Library/Frameworks/XCTest.framework; sourceTree = DEVELOPER_DIR; };
		35781D9417E1ECE000FBD5FC /* StilomaticTalesTests-Info.plist */ = {isa = PBXFileReference; lastKnownFileType = text.plist.xml; path = "StilomaticTalesTests-Info.plist"; sourceTree = "<group>"; };
		35781D9617E1ECE000FBD5FC /* en */ = {isa = PBXFileReference; lastKnownFileType = text.plist.strings; name = en; path = en.lproj/InfoPlist.strings; sourceTree = "<group>"; };
		35781D9817E1ECE000FBD5FC /* StilomaticTalesTests.m */ = {isa = PBXFileReference; lastKnownFileType = sourcecode.c.objc; path = StilomaticTalesTests.m; sourceTree = "<group>"; };
		35781DA417E1ED5E00FBD5FC /* ASTMathUtils.m */ = {isa = PBXFileReference; fileEncoding = 4; lastKnownFileType = sourcecode.c.objc; path = ASTMathUtils.m; sourceTree = "<group>"; };
		35781DA517E1ED5E00FBD5FC /* ASTMathUtils.h */ = {isa = PBXFileReference; fileEncoding = 4; lastKnownFileType = sourcecode.c.h; path = ASTMathUtils.h; sourceTree = "<group>"; };
		35781DA617E1ED5E00FBD5FC /* ASTGameManager.m */ = {isa = PBXFileReference; fileEncoding = 4; lastKnownFileType = sourcecode.c.objc; path = ASTGameManager.m; sourceTree = "<group>"; };
		35781DA717E1ED5E00FBD5FC /* ASTGameManager.h */ = {isa = PBXFileReference; fileEncoding = 4; lastKnownFileType = sourcecode.c.h; path = ASTGameManager.h; sourceTree = "<group>"; };
		35781DA817E1ED5E00FBD5FC /* ASTGameScene.m */ = {isa = PBXFileReference; fileEncoding = 4; lastKnownFileType = sourcecode.c.objc; path = ASTGameScene.m; sourceTree = "<group>"; };
		35781DA917E1ED5E00FBD5FC /* ASTGameScene.h */ = {isa = PBXFileReference; fileEncoding = 4; lastKnownFileType = sourcecode.c.h; path = ASTGameScene.h; sourceTree = "<group>"; };
		35781DAA17E1ED5E00FBD5FC /* ASTVillan.m */ = {isa = PBXFileReference; fileEncoding = 4; lastKnownFileType = sourcecode.c.objc; path = ASTVillan.m; sourceTree = "<group>"; };
		35781DAB17E1ED5E00FBD5FC /* ASTVillan.h */ = {isa = PBXFileReference; fileEncoding = 4; lastKnownFileType = sourcecode.c.h; path = ASTVillan.h; sourceTree = "<group>"; };
		35781DAC17E1ED5E00FBD5FC /* ASTShield.m */ = {isa = PBXFileReference; fileEncoding = 4; lastKnownFileType = sourcecode.c.objc; path = ASTShield.m; sourceTree = "<group>"; };
		35781DAD17E1ED5E00FBD5FC /* ASTShield.h */ = {isa = PBXFileReference; fileEncoding = 4; lastKnownFileType = sourcecode.c.h; path = ASTShield.h; sourceTree = "<group>"; };
		359662F917E3219600E29384 /* ASTDisplayNode.h */ = {isa = PBXFileReference; fileEncoding = 4; lastKnownFileType = sourcecode.c.h; path = ASTDisplayNode.h; sourceTree = "<group>"; };
		359662FA17E3219600E29384 /* ASTDisplayNode.m */ = {isa = PBXFileReference; fileEncoding = 4; lastKnownFileType = sourcecode.c.objc; path = ASTDisplayNode.m; sourceTree = "<group>"; };
		60351E1E17E6359F00AF382B /* bubble.png */ = {isa = PBXFileReference; lastKnownFileType = image.png; name = bubble.png; path = Base.lproj/Assets/bubble.png; sourceTree = "<group>"; };
		60351E2517E635D500AF382B /* cannon.png */ = {isa = PBXFileReference; lastKnownFileType = image.png; path = cannon.png; sourceTree = "<group>"; };
		606E760D17EDA2B10015388B /* villan_0.png */ = {isa = PBXFileReference; lastKnownFileType = image.png; path = villan_0.png; sourceTree = "<group>"; };
		606E761617EDC2D70015388B /* bck-iphone2.png */ = {isa = PBXFileReference; lastKnownFileType = image.png; path = "bck-iphone2.png"; sourceTree = "<group>"; };
		606E761817EDC35D0015388B /* ground.png */ = {isa = PBXFileReference; lastKnownFileType = image.png; path = ground.png; sourceTree = "<group>"; };
		606E761C17EDC4280015388B /* display.png */ = {isa = PBXFileReference; lastKnownFileType = image.png; name = display.png; path = Base.lproj/Assets/display.png; sourceTree = "<group>"; };
		606E761E17EDC5610015388B /* BokeParticles.sks */ = {isa = PBXFileReference; lastKnownFileType = file.sks; path = BokeParticles.sks; sourceTree = "<group>"; };
		606E762017EDC5780015388B /* SKEmitterNode+SKEmitterNode_Utils.h */ = {isa = PBXFileReference; fileEncoding = 4; lastKnownFileType = sourcecode.c.h; path = "SKEmitterNode+SKEmitterNode_Utils.h"; sourceTree = "<group>"; };
		606E762117EDC5780015388B /* SKEmitterNode+SKEmitterNode_Utils.m */ = {isa = PBXFileReference; fileEncoding = 4; lastKnownFileType = sourcecode.c.objc; path = "SKEmitterNode+SKEmitterNode_Utils.m"; sourceTree = "<group>"; };
		606E762417EDCCBC0015388B /* circleParticle.png */ = {isa = PBXFileReference; lastKnownFileType = image.png; path = circleParticle.png; sourceTree = "<group>"; };
		606E762617EDF52F0015388B /* villan_4.png */ = {isa = PBXFileReference; lastKnownFileType = image.png; name = villan_4.png; path = Base.lproj/Assets/villan_4.png; sourceTree = "<group>"; };
		606E762717EDF52F0015388B /* villan_3.png */ = {isa = PBXFileReference; lastKnownFileType = image.png; name = villan_3.png; path = Base.lproj/Assets/villan_3.png; sourceTree = "<group>"; };
		606E762817EDF52F0015388B /* villan_2.png */ = {isa = PBXFileReference; lastKnownFileType = image.png; name = villan_2.png; path = Base.lproj/Assets/villan_2.png; sourceTree = "<group>"; };
		606E762917EDF52F0015388B /* villan_1.png */ = {isa = PBXFileReference; lastKnownFileType = image.png; name = villan_1.png; path = Base.lproj/Assets/villan_1.png; sourceTree = "<group>"; };
		60796DCD17F0BD7200F5F936 /* GameKit.framework */ = {isa = PBXFileReference; lastKnownFileType = wrapper.framework; name = GameKit.framework; path = System/Library/Frameworks/GameKit.framework; sourceTree = SDKROOT; };
		60796DCF17F2083300F5F936 /* ASTGamekitManager.h */ = {isa = PBXFileReference; fileEncoding = 4; lastKnownFileType = sourcecode.c.h; path = ASTGamekitManager.h; sourceTree = "<group>"; };
		60796DD017F2083300F5F936 /* ASTGamekitManager.m */ = {isa = PBXFileReference; fileEncoding = 4; lastKnownFileType = sourcecode.c.objc; path = ASTGamekitManager.m; sourceTree = "<group>"; };
		60A0796D17E82C8F003FB1A1 /* levels.plist */ = {isa = PBXFileReference; fileEncoding = 4; lastKnownFileType = text.plist.xml; path = levels.plist; sourceTree = "<group>"; };
		60D90E2417EF6974009C07D5 /* ASTHomeViewController.h */ = {isa = PBXFileReference; fileEncoding = 4; lastKnownFileType = sourcecode.c.h; path = ASTHomeViewController.h; sourceTree = "<group>"; };
		60D90E2517EF6974009C07D5 /* ASTHomeViewController.m */ = {isa = PBXFileReference; fileEncoding = 4; lastKnownFileType = sourcecode.c.objc; path = ASTHomeViewController.m; sourceTree = "<group>"; };
/* End PBXFileReference section */

/* Begin PBXFrameworksBuildPhase section */
		35781D5D17E1ECE000FBD5FC /* Frameworks */ = {
			isa = PBXFrameworksBuildPhase;
			buildActionMask = 2147483647;
			files = (
				60796DCE17F0BD7200F5F936 /* GameKit.framework in Frameworks */,
				35781D6617E1ECE000FBD5FC /* CoreGraphics.framework in Frameworks */,
				35781D6817E1ECE000FBD5FC /* UIKit.framework in Frameworks */,
				35781D6A17E1ECE000FBD5FC /* SpriteKit.framework in Frameworks */,
				35781D6417E1ECE000FBD5FC /* Foundation.framework in Frameworks */,
			);
			runOnlyForDeploymentPostprocessing = 0;
		};
		35781D8817E1ECE000FBD5FC /* Frameworks */ = {
			isa = PBXFrameworksBuildPhase;
			buildActionMask = 2147483647;
			files = (
				35781D8D17E1ECE000FBD5FC /* XCTest.framework in Frameworks */,
				35781D8F17E1ECE000FBD5FC /* UIKit.framework in Frameworks */,
				35781D8E17E1ECE000FBD5FC /* Foundation.framework in Frameworks */,
			);
			runOnlyForDeploymentPostprocessing = 0;
		};
/* End PBXFrameworksBuildPhase section */

/* Begin PBXGroup section */
		35781D5717E1ECE000FBD5FC = {
			isa = PBXGroup;
			children = (
				35781D6B17E1ECE000FBD5FC /* StilomaticTales */,
				35781D9217E1ECE000FBD5FC /* StilomaticTalesTests */,
				35781D6217E1ECE000FBD5FC /* Frameworks */,
				35781D6117E1ECE000FBD5FC /* Products */,
			);
			sourceTree = "<group>";
		};
		35781D6117E1ECE000FBD5FC /* Products */ = {
			isa = PBXGroup;
			children = (
				35781D6017E1ECE000FBD5FC /* StilomaticTales.app */,
				35781D8B17E1ECE000FBD5FC /* StilomaticTalesTests.xctest */,
			);
			name = Products;
			sourceTree = "<group>";
		};
		35781D6217E1ECE000FBD5FC /* Frameworks */ = {
			isa = PBXGroup;
			children = (
				60796DCD17F0BD7200F5F936 /* GameKit.framework */,
				35781D6317E1ECE000FBD5FC /* Foundation.framework */,
				35781D6517E1ECE000FBD5FC /* CoreGraphics.framework */,
				35781D6717E1ECE000FBD5FC /* UIKit.framework */,
				35781D6917E1ECE000FBD5FC /* SpriteKit.framework */,
				35781D8C17E1ECE000FBD5FC /* XCTest.framework */,
			);
			name = Frameworks;
			sourceTree = "<group>";
		};
		35781D6B17E1ECE000FBD5FC /* StilomaticTales */ = {
			isa = PBXGroup;
			children = (
				606E762317EDC57D0015388B /* Categories */,
				60A0796D17E82C8F003FB1A1 /* levels.plist */,
				359662F217E3126E00E29384 /* Score display */,
				35781DB717E1EDAB00FBD5FC /* Sprites */,
				35781DB617E1ED8900FBD5FC /* Utils */,
				35781DB517E1ED7C00FBD5FC /* Assets */,
				60796DCF17F2083300F5F936 /* ASTGamekitManager.h */,
				60796DD017F2083300F5F936 /* ASTGamekitManager.m */,
				35781DA717E1ED5E00FBD5FC /* ASTGameManager.h */,
				35781DA617E1ED5E00FBD5FC /* ASTGameManager.m */,
				35781DA917E1ED5E00FBD5FC /* ASTGameScene.h */,
				35781DA817E1ED5E00FBD5FC /* ASTGameScene.m */,
				60D90E2417EF6974009C07D5 /* ASTHomeViewController.h */,
				60D90E2517EF6974009C07D5 /* ASTHomeViewController.m */,
				35781D7417E1ECE000FBD5FC /* ASTAppDelegate.h */,
				35781D7517E1ECE000FBD5FC /* ASTAppDelegate.m */,
				35781D7717E1ECE000FBD5FC /* Main_iPhone.storyboard */,
				35781D7A17E1ECE000FBD5FC /* Main_iPad.storyboard */,
				35781D7D17E1ECE000FBD5FC /* ASTViewController.h */,
				35781D7E17E1ECE000FBD5FC /* ASTViewController.m */,
				35781D8517E1ECE000FBD5FC /* Images.xcassets */,
				35781D6C17E1ECE000FBD5FC /* Supporting Files */,
			);
			path = StilomaticTales;
			sourceTree = "<group>";
		};
		35781D6C17E1ECE000FBD5FC /* Supporting Files */ = {
			isa = PBXGroup;
			children = (
				35781D6D17E1ECE000FBD5FC /* StilomaticTales-Info.plist */,
				35781D6E17E1ECE000FBD5FC /* InfoPlist.strings */,
				35781D7117E1ECE000FBD5FC /* main.m */,
				35781D7317E1ECE000FBD5FC /* StilomaticTales-Prefix.pch */,
			);
			name = "Supporting Files";
			sourceTree = "<group>";
		};
		35781D9217E1ECE000FBD5FC /* StilomaticTalesTests */ = {
			isa = PBXGroup;
			children = (
				35781D9817E1ECE000FBD5FC /* StilomaticTalesTests.m */,
				35781D9317E1ECE000FBD5FC /* Supporting Files */,
			);
			path = StilomaticTalesTests;
			sourceTree = "<group>";
		};
		35781D9317E1ECE000FBD5FC /* Supporting Files */ = {
			isa = PBXGroup;
			children = (
				35781D9417E1ECE000FBD5FC /* StilomaticTalesTests-Info.plist */,
				35781D9517E1ECE000FBD5FC /* InfoPlist.strings */,
			);
			name = "Supporting Files";
			sourceTree = "<group>";
		};
		35781DB517E1ED7C00FBD5FC /* Assets */ = {
			isa = PBXGroup;
			children = (
				606E762617EDF52F0015388B /* villan_4.png */,
				606E762717EDF52F0015388B /* villan_3.png */,
				606E762817EDF52F0015388B /* villan_2.png */,
				606E762917EDF52F0015388B /* villan_1.png */,
				606E760D17EDA2B10015388B /* villan_0.png */,
				606E762417EDCCBC0015388B /* circleParticle.png */,
				606E761C17EDC4280015388B /* display.png */,
				606E761817EDC35D0015388B /* ground.png */,
				606E761617EDC2D70015388B /* bck-iphone2.png */,
				3550908717E6F48200FC6BA7 /* missile.png */,
				60351E2517E635D500AF382B /* cannon.png */,
				60351E1E17E6359F00AF382B /* bubble.png */,
				606E761317EDC1D50015388B /* Particle */,
			);
			name = Assets;
			sourceTree = "<group>";
		};
		35781DB617E1ED8900FBD5FC /* Utils */ = {
			isa = PBXGroup;
			children = (
				35781DA517E1ED5E00FBD5FC /* ASTMathUtils.h */,
				35781DA417E1ED5E00FBD5FC /* ASTMathUtils.m */,
			);
			name = Utils;
			sourceTree = "<group>";
		};
		35781DB717E1EDAB00FBD5FC /* Sprites */ = {
			isa = PBXGroup;
			children = (
				60351E1617E5B33F00AF382B /* Villans */,
				35781DAB17E1ED5E00FBD5FC /* ASTVillan.h */,
				35781DAA17E1ED5E00FBD5FC /* ASTVillan.m */,
				35781DAD17E1ED5E00FBD5FC /* ASTShield.h */,
				35781DAC17E1ED5E00FBD5FC /* ASTShield.m */,
				351C2A9B17E73F4B00C92620 /* ASTMissile.h */,
				351C2A9C17E73F4B00C92620 /* ASTMissile.m */,
			);
			name = Sprites;
			sourceTree = "<group>";
		};
		359662F217E3126E00E29384 /* Score display */ = {
			isa = PBXGroup;
			children = (
				359662F917E3219600E29384 /* ASTDisplayNode.h */,
				359662FA17E3219600E29384 /* ASTDisplayNode.m */,
			);
			name = "Score display";
			sourceTree = "<group>";
		};
		60351E1617E5B33F00AF382B /* Villans */ = {
			isa = PBXGroup;
			children = (
			);
			name = Villans;
			sourceTree = "<group>";
		};
		606E761317EDC1D50015388B /* Particle */ = {
			isa = PBXGroup;
			children = (
				606E761E17EDC5610015388B /* BokeParticles.sks */,
			);
			name = Particle;
			sourceTree = "<group>";
		};
		606E762317EDC57D0015388B /* Categories */ = {
			isa = PBXGroup;
			children = (
				606E762017EDC5780015388B /* SKEmitterNode+SKEmitterNode_Utils.h */,
				606E762117EDC5780015388B /* SKEmitterNode+SKEmitterNode_Utils.m */,
			);
			name = Categories;
			sourceTree = "<group>";
		};
/* End PBXGroup section */

/* Begin PBXNativeTarget section */
		35781D5F17E1ECE000FBD5FC /* StilomaticTales */ = {
			isa = PBXNativeTarget;
			buildConfigurationList = 35781D9C17E1ECE000FBD5FC /* Build configuration list for PBXNativeTarget "StilomaticTales" */;
			buildPhases = (
				35781D5C17E1ECE000FBD5FC /* Sources */,
				35781D5D17E1ECE000FBD5FC /* Frameworks */,
				35781D5E17E1ECE000FBD5FC /* Resources */,
			);
			buildRules = (
			);
			dependencies = (
			);
			name = StilomaticTales;
			productName = StilomaticTales;
			productReference = 35781D6017E1ECE000FBD5FC /* StilomaticTales.app */;
			productType = "com.apple.product-type.application";
		};
		35781D8A17E1ECE000FBD5FC /* StilomaticTalesTests */ = {
			isa = PBXNativeTarget;
			buildConfigurationList = 35781D9F17E1ECE000FBD5FC /* Build configuration list for PBXNativeTarget "StilomaticTalesTests" */;
			buildPhases = (
				35781D8717E1ECE000FBD5FC /* Sources */,
				35781D8817E1ECE000FBD5FC /* Frameworks */,
				35781D8917E1ECE000FBD5FC /* Resources */,
			);
			buildRules = (
			);
			dependencies = (
				35781D9117E1ECE000FBD5FC /* PBXTargetDependency */,
			);
			name = StilomaticTalesTests;
			productName = StilomaticTalesTests;
			productReference = 35781D8B17E1ECE000FBD5FC /* StilomaticTalesTests.xctest */;
			productType = "com.apple.product-type.bundle.unit-test";
		};
/* End PBXNativeTarget section */

/* Begin PBXProject section */
		35781D5817E1ECE000FBD5FC /* Project object */ = {
			isa = PBXProject;
			attributes = {
				CLASSPREFIX = AST;
				LastUpgradeCheck = 0500;
				ORGANIZATIONNAME = "Stilo-studio";
				TargetAttributes = {
					35781D5F17E1ECE000FBD5FC = {
						DevelopmentTeam = 4FFYQAVE6X;
					};
					35781D8A17E1ECE000FBD5FC = {
						TestTargetID = 35781D5F17E1ECE000FBD5FC;
					};
				};
			};
			buildConfigurationList = 35781D5B17E1ECE000FBD5FC /* Build configuration list for PBXProject "StilomaticTales" */;
			compatibilityVersion = "Xcode 3.2";
			developmentRegion = English;
			hasScannedForEncodings = 0;
			knownRegions = (
				en,
				Base,
			);
			mainGroup = 35781D5717E1ECE000FBD5FC;
			productRefGroup = 35781D6117E1ECE000FBD5FC /* Products */;
			projectDirPath = "";
			projectRoot = "";
			targets = (
				35781D5F17E1ECE000FBD5FC /* StilomaticTales */,
				35781D8A17E1ECE000FBD5FC /* StilomaticTalesTests */,
			);
		};
/* End PBXProject section */

/* Begin PBXResourcesBuildPhase section */
		35781D5E17E1ECE000FBD5FC /* Resources */ = {
			isa = PBXResourcesBuildPhase;
			buildActionMask = 2147483647;
			files = (
				606E761917EDC35D0015388B /* ground.png in Resources */,
				35781D8617E1ECE000FBD5FC /* Images.xcassets in Resources */,
				60A0796E17E82C8F003FB1A1 /* levels.plist in Resources */,
				35781D7C17E1ECE000FBD5FC /* Main_iPad.storyboard in Resources */,
				60351E2617E635D500AF382B /* cannon.png in Resources */,
				606E762D17EDF52F0015388B /* villan_1.png in Resources */,
				606E762C17EDF52F0015388B /* villan_2.png in Resources */,
				3550908817E6F48200FC6BA7 /* missile.png in Resources */,
				35781D7917E1ECE000FBD5FC /* Main_iPhone.storyboard in Resources */,
				606E762B17EDF52F0015388B /* villan_3.png in Resources */,
				35781D7017E1ECE000FBD5FC /* InfoPlist.strings in Resources */,
				606E762A17EDF52F0015388B /* villan_4.png in Resources */,
				606E761D17EDC4280015388B /* display.png in Resources */,
				606E761717EDC2D70015388B /* bck-iphone2.png in Resources */,
				606E760E17EDA2B10015388B /* villan_0.png in Resources */,
				606E761F17EDC5610015388B /* BokeParticles.sks in Resources */,
				60351E2117E6359F00AF382B /* bubble.png in Resources */,
				606E762517EDCCBC0015388B /* circleParticle.png in Resources */,
			);
			runOnlyForDeploymentPostprocessing = 0;
		};
		35781D8917E1ECE000FBD5FC /* Resources */ = {
			isa = PBXResourcesBuildPhase;
			buildActionMask = 2147483647;
			files = (
				35781D9717E1ECE000FBD5FC /* InfoPlist.strings in Resources */,
			);
			runOnlyForDeploymentPostprocessing = 0;
		};
/* End PBXResourcesBuildPhase section */

/* Begin PBXSourcesBuildPhase section */
		35781D5C17E1ECE000FBD5FC /* Sources */ = {
			isa = PBXSourcesBuildPhase;
			buildActionMask = 2147483647;
			files = (
				35781DB117E1ED5E00FBD5FC /* ASTGameManager.m in Sources */,
				35781D7217E1ECE000FBD5FC /* main.m in Sources */,
				60796DD117F2083300F5F936 /* ASTGamekitManager.m in Sources */,
				35781D7F17E1ECE000FBD5FC /* ASTViewController.m in Sources */,
				606E762217EDC5780015388B /* SKEmitterNode+SKEmitterNode_Utils.m in Sources */,
				351C2A9D17E73F4B00C92620 /* ASTMissile.m in Sources */,
				35781DB017E1ED5E00FBD5FC /* ASTMathUtils.m in Sources */,
				35781DB317E1ED5E00FBD5FC /* ASTVillan.m in Sources */,
				35781D7617E1ECE000FBD5FC /* ASTAppDelegate.m in Sources */,
				35781DB417E1ED5E00FBD5FC /* ASTShield.m in Sources */,
				60D90E2617EF6974009C07D5 /* ASTHomeViewController.m in Sources */,
				359662FB17E3219600E29384 /* ASTDisplayNode.m in Sources */,
				35781DB217E1ED5E00FBD5FC /* ASTGameScene.m in Sources */,
			);
			runOnlyForDeploymentPostprocessing = 0;
		};
		35781D8717E1ECE000FBD5FC /* Sources */ = {
			isa = PBXSourcesBuildPhase;
			buildActionMask = 2147483647;
			files = (
				35781D9917E1ECE000FBD5FC /* StilomaticTalesTests.m in Sources */,
			);
			runOnlyForDeploymentPostprocessing = 0;
		};
/* End PBXSourcesBuildPhase section */

/* Begin PBXTargetDependency section */
		35781D9117E1ECE000FBD5FC /* PBXTargetDependency */ = {
			isa = PBXTargetDependency;
			target = 35781D5F17E1ECE000FBD5FC /* StilomaticTales */;
			targetProxy = 35781D9017E1ECE000FBD5FC /* PBXContainerItemProxy */;
		};
/* End PBXTargetDependency section */

/* Begin PBXVariantGroup section */
		35781D6E17E1ECE000FBD5FC /* InfoPlist.strings */ = {
			isa = PBXVariantGroup;
			children = (
				35781D6F17E1ECE000FBD5FC /* en */,
			);
			name = InfoPlist.strings;
			sourceTree = "<group>";
		};
		35781D7717E1ECE000FBD5FC /* Main_iPhone.storyboard */ = {
			isa = PBXVariantGroup;
			children = (
				35781D7817E1ECE000FBD5FC /* Base */,
			);
			name = Main_iPhone.storyboard;
			sourceTree = "<group>";
		};
		35781D7A17E1ECE000FBD5FC /* Main_iPad.storyboard */ = {
			isa = PBXVariantGroup;
			children = (
				35781D7B17E1ECE000FBD5FC /* Base */,
			);
			name = Main_iPad.storyboard;
			sourceTree = "<group>";
		};
		35781D9517E1ECE000FBD5FC /* InfoPlist.strings */ = {
			isa = PBXVariantGroup;
			children = (
				35781D9617E1ECE000FBD5FC /* en */,
			);
			name = InfoPlist.strings;
			sourceTree = "<group>";
		};
/* End PBXVariantGroup section */

/* Begin XCBuildConfiguration section */
		35781D9A17E1ECE000FBD5FC /* Debug */ = {
			isa = XCBuildConfiguration;
			buildSettings = {
				ALWAYS_SEARCH_USER_PATHS = NO;
				CLANG_CXX_LANGUAGE_STANDARD = "gnu++0x";
				CLANG_CXX_LIBRARY = "libc++";
				CLANG_ENABLE_MODULES = YES;
				CLANG_ENABLE_OBJC_ARC = YES;
				CLANG_WARN_BOOL_CONVERSION = YES;
				CLANG_WARN_CONSTANT_CONVERSION = YES;
				CLANG_WARN_DIRECT_OBJC_ISA_USAGE = YES_ERROR;
				CLANG_WARN_EMPTY_BODY = YES;
				CLANG_WARN_ENUM_CONVERSION = YES;
				CLANG_WARN_INT_CONVERSION = YES;
				CLANG_WARN_OBJC_ROOT_CLASS = YES_ERROR;
				CLANG_WARN__DUPLICATE_METHOD_MATCH = YES;
				"CODE_SIGN_IDENTITY[sdk=iphoneos*]" = "iPhone Developer";
				COPY_PHASE_STRIP = NO;
				GCC_C_LANGUAGE_STANDARD = gnu99;
				GCC_DYNAMIC_NO_PIC = NO;
				GCC_OPTIMIZATION_LEVEL = 0;
				GCC_PREPROCESSOR_DEFINITIONS = (
					"DEBUG=1",
					"$(inherited)",
				);
				GCC_SYMBOLS_PRIVATE_EXTERN = NO;
				GCC_WARN_ABOUT_RETURN_TYPE = YES_ERROR;
				GCC_WARN_UNDECLARED_SELECTOR = YES;
				GCC_WARN_UNINITIALIZED_AUTOS = YES;
				GCC_WARN_UNUSED_FUNCTION = YES;
				GCC_WARN_UNUSED_VARIABLE = YES;
				IPHONEOS_DEPLOYMENT_TARGET = 7.0;
				ONLY_ACTIVE_ARCH = YES;
				SDKROOT = iphoneos;
				TARGETED_DEVICE_FAMILY = "1,2";
			};
			name = Debug;
		};
		35781D9B17E1ECE000FBD5FC /* Release */ = {
			isa = XCBuildConfiguration;
			buildSettings = {
				ALWAYS_SEARCH_USER_PATHS = NO;
				CLANG_CXX_LANGUAGE_STANDARD = "gnu++0x";
				CLANG_CXX_LIBRARY = "libc++";
				CLANG_ENABLE_MODULES = YES;
				CLANG_ENABLE_OBJC_ARC = YES;
				CLANG_WARN_BOOL_CONVERSION = YES;
				CLANG_WARN_CONSTANT_CONVERSION = YES;
				CLANG_WARN_DIRECT_OBJC_ISA_USAGE = YES_ERROR;
				CLANG_WARN_EMPTY_BODY = YES;
				CLANG_WARN_ENUM_CONVERSION = YES;
				CLANG_WARN_INT_CONVERSION = YES;
				CLANG_WARN_OBJC_ROOT_CLASS = YES_ERROR;
				CLANG_WARN__DUPLICATE_METHOD_MATCH = YES;
				"CODE_SIGN_IDENTITY[sdk=iphoneos*]" = "iPhone Developer";
				COPY_PHASE_STRIP = YES;
				ENABLE_NS_ASSERTIONS = NO;
				GCC_C_LANGUAGE_STANDARD = gnu99;
				GCC_WARN_ABOUT_RETURN_TYPE = YES_ERROR;
				GCC_WARN_UNDECLARED_SELECTOR = YES;
				GCC_WARN_UNINITIALIZED_AUTOS = YES;
				GCC_WARN_UNUSED_FUNCTION = YES;
				GCC_WARN_UNUSED_VARIABLE = YES;
				IPHONEOS_DEPLOYMENT_TARGET = 7.0;
				SDKROOT = iphoneos;
				TARGETED_DEVICE_FAMILY = "1,2";
				VALIDATE_PRODUCT = YES;
			};
			name = Release;
		};
		35781D9D17E1ECE000FBD5FC /* Debug */ = {
			isa = XCBuildConfiguration;
			buildSettings = {
				ASSETCATALOG_COMPILER_APPICON_NAME = AppIcon;
				ASSETCATALOG_COMPILER_LAUNCHIMAGE_NAME = LaunchImage;
				CODE_SIGN_IDENTITY = "iPhone Developer: Antonio Stilo (H5WHCKR2KJ)";
				GCC_PRECOMPILE_PREFIX_HEADER = YES;
				GCC_PREFIX_HEADER = "StilomaticTales/StilomaticTales-Prefix.pch";
				INFOPLIST_FILE = "StilomaticTales/StilomaticTales-Info.plist";
				PRODUCT_NAME = "$(TARGET_NAME)";
				PROVISIONING_PROFILE = "6F3C7DEF-BF5A-4F21-919A-C9D5E886EF4E";
				SPRITEKIT_TEXTURE_ATLAS_OUTPUT = YES;
				WRAPPER_EXTENSION = app;
			};
			name = Debug;
		};
		35781D9E17E1ECE000FBD5FC /* Release */ = {
			isa = XCBuildConfiguration;
			buildSettings = {
				ASSETCATALOG_COMPILER_APPICON_NAME = AppIcon;
				ASSETCATALOG_COMPILER_LAUNCHIMAGE_NAME = LaunchImage;
				CODE_SIGN_ENTITLEMENTS = "";
				CODE_SIGN_IDENTITY = "iPhone Developer: Antonio Stilo (H5WHCKR2KJ)";
				GCC_PRECOMPILE_PREFIX_HEADER = YES;
				GCC_PREFIX_HEADER = "StilomaticTales/StilomaticTales-Prefix.pch";
				INFOPLIST_FILE = "StilomaticTales/StilomaticTales-Info.plist";
				PRODUCT_NAME = "$(TARGET_NAME)";
				PROVISIONING_PROFILE = "04DA4E8B-B2F0-4D27-AA98-3D29DC437A3C";
				SPRITEKIT_TEXTURE_ATLAS_OUTPUT = YES;
				WRAPPER_EXTENSION = app;
			};
			name = Release;
		};
		35781DA017E1ECE000FBD5FC /* Debug */ = {
			isa = XCBuildConfiguration;
			buildSettings = {
				BUNDLE_LOADER = "$(BUILT_PRODUCTS_DIR)/StilomaticTales.app/StilomaticTales";
				FRAMEWORK_SEARCH_PATHS = (
					"$(SDKROOT)/Developer/Library/Frameworks",
					"$(inherited)",
					"$(DEVELOPER_FRAMEWORKS_DIR)",
				);
				GCC_PRECOMPILE_PREFIX_HEADER = YES;
				GCC_PREFIX_HEADER = "StilomaticTales/StilomaticTales-Prefix.pch";
				GCC_PREPROCESSOR_DEFINITIONS = (
					"DEBUG=1",
					"$(inherited)",
				);
				INFOPLIST_FILE = "StilomaticTalesTests/StilomaticTalesTests-Info.plist";
				PRODUCT_NAME = "$(TARGET_NAME)";
				TEST_HOST = "$(BUNDLE_LOADER)";
				WRAPPER_EXTENSION = xctest;
			};
			name = Debug;
		};
		35781DA117E1ECE000FBD5FC /* Release */ = {
			isa = XCBuildConfiguration;
			buildSettings = {
				BUNDLE_LOADER = "$(BUILT_PRODUCTS_DIR)/StilomaticTales.app/StilomaticTales";
				FRAMEWORK_SEARCH_PATHS = (
					"$(SDKROOT)/Developer/Library/Frameworks",
					"$(inherited)",
					"$(DEVELOPER_FRAMEWORKS_DIR)",
				);
				GCC_PRECOMPILE_PREFIX_HEADER = YES;
				GCC_PREFIX_HEADER = "StilomaticTales/StilomaticTales-Prefix.pch";
				INFOPLIST_FILE = "StilomaticTalesTests/StilomaticTalesTests-Info.plist";
				PRODUCT_NAME = "$(TARGET_NAME)";
				TEST_HOST = "$(BUNDLE_LOADER)";
				WRAPPER_EXTENSION = xctest;
			};
			name = Release;
		};
/* End XCBuildConfiguration section */

/* Begin XCConfigurationList section */
		35781D5B17E1ECE000FBD5FC /* Build configuration list for PBXProject "StilomaticTales" */ = {
			isa = XCConfigurationList;
			buildConfigurations = (
				35781D9A17E1ECE000FBD5FC /* Debug */,
				35781D9B17E1ECE000FBD5FC /* Release */,
			);
			defaultConfigurationIsVisible = 0;
			defaultConfigurationName = Release;
		};
		35781D9C17E1ECE000FBD5FC /* Build configuration list for PBXNativeTarget "StilomaticTales" */ = {
			isa = XCConfigurationList;
			buildConfigurations = (
				35781D9D17E1ECE000FBD5FC /* Debug */,
				35781D9E17E1ECE000FBD5FC /* Release */,
			);
			defaultConfigurationIsVisible = 0;
			defaultConfigurationName = Release;
		};
		35781D9F17E1ECE000FBD5FC /* Build configuration list for PBXNativeTarget "StilomaticTalesTests" */ = {
			isa = XCConfigurationList;
			buildConfigurations = (
				35781DA017E1ECE000FBD5FC /* Debug */,
				35781DA117E1ECE000FBD5FC /* Release */,
			);
			defaultConfigurationIsVisible = 0;
			defaultConfigurationName = Release;
		};
/* End XCConfigurationList section */
	};
	rootObject = 35781D5817E1ECE000FBD5FC /* Project object */;
}
